
Microsoft Visual Studio Solution File, Format Version 12.00
# Visual Studio Version 16
VisualStudioVersion = 16.0.30204.135
MinimumVisualStudioVersion = 10.0.40219.1
Project("{FAE04EC0-301F-11D3-BF4B-00C04F79EFBC}") = "insertForDb", "insertForDb\insertForDb.csproj", "{9509FD12-E87E-4934-895A-EA92683D4AF3}"
EndProject
Global
	GlobalSection(SolutionConfigurationPlatforms) = preSolution
		Debug|Any CPU = Debug|Any CPU
		Release|Any CPU = Release|Any CPU
	EndGlobalSection
	GlobalSection(ProjectConfigurationPlatforms) = postSolution
		{9509FD12-E87E-4934-895A-EA92683D4AF3}.Debug|Any CPU.ActiveCfg = Debug|Any CPU
		{9509FD12-E87E-4934-895A-EA92683D4AF3}.Debug|Any CPU.Build.0 = Debug|Any CPU
		{9509FD12-E87E-4934-895A-EA92683D4AF3}.Release|Any CPU.ActiveCfg = Release|Any CPU
		{9509FD12-E87E-4934-895A-EA92683D4AF3}.Release|Any CPU.Build.0 = Release|Any CPU
	EndGlobalSection
	GlobalSection(SolutionProperties) = preSolution
		HideSolutionNode = FALSE
	EndGlobalSection
	GlobalSection(ExtensibilityGlobals) = postSolution
		SolutionGuid = {99355765-07EF-4629-ACAD-FAD9A42D5AED}
	EndGlobalSection
EndGlobal
