
Microsoft Visual Studio Solution File, Format Version 12.00
# Visual Studio Version 16
VisualStudioVersion = 16.0.30204.135
MinimumVisualStudioVersion = 10.0.40219.1
Project("{FAE04EC0-301F-11D3-BF4B-00C04F79EFBC}") = "TextEbit", "TextEbit\TextEbit.csproj", "{66862EA8-5AC5-49B0-93C3-A2693E826C67}"
EndProject
Global
	GlobalSection(SolutionConfigurationPlatforms) = preSolution
		Debug|Any CPU = Debug|Any CPU
		Release|Any CPU = Release|Any CPU
	EndGlobalSection
	GlobalSection(ProjectConfigurationPlatforms) = postSolution
		{66862EA8-5AC5-49B0-93C3-A2693E826C67}.Debug|Any CPU.ActiveCfg = Debug|Any CPU
		{66862EA8-5AC5-49B0-93C3-A2693E826C67}.Debug|Any CPU.Build.0 = Debug|Any CPU
		{66862EA8-5AC5-49B0-93C3-A2693E826C67}.Release|Any CPU.ActiveCfg = Release|Any CPU
		{66862EA8-5AC5-49B0-93C3-A2693E826C67}.Release|Any CPU.Build.0 = Release|Any CPU
	EndGlobalSection
	GlobalSection(SolutionProperties) = preSolution
		HideSolutionNode = FALSE
	EndGlobalSection
	GlobalSection(ExtensibilityGlobals) = postSolution
		SolutionGuid = {7502A3EE-00DE-4CA5-9679-C4676D98EDE7}
	EndGlobalSection
EndGlobal
