
Microsoft Visual Studio Solution File, Format Version 12.00
# Visual Studio 15
VisualStudioVersion = 15.0.28307.852
MinimumVisualStudioVersion = 10.0.40219.1
Project("{FAE04EC0-301F-11D3-BF4B-00C04F79EFBC}") = "TrueChoisTexts", "TrueChoisTexts\TrueChoisTexts.csproj", "{BE48C33F-23F5-4E01-8211-26ED91782BFA}"
EndProject
Global
	GlobalSection(SolutionConfigurationPlatforms) = preSolution
		Debug|Any CPU = Debug|Any CPU
		Release|Any CPU = Release|Any CPU
	EndGlobalSection
	GlobalSection(ProjectConfigurationPlatforms) = postSolution
		{BE48C33F-23F5-4E01-8211-26ED91782BFA}.Debug|Any CPU.ActiveCfg = Debug|Any CPU
		{BE48C33F-23F5-4E01-8211-26ED91782BFA}.Debug|Any CPU.Build.0 = Debug|Any CPU
		{BE48C33F-23F5-4E01-8211-26ED91782BFA}.Release|Any CPU.ActiveCfg = Release|Any CPU
		{BE48C33F-23F5-4E01-8211-26ED91782BFA}.Release|Any CPU.Build.0 = Release|Any CPU
	EndGlobalSection
	GlobalSection(SolutionProperties) = preSolution
		HideSolutionNode = FALSE
	EndGlobalSection
	GlobalSection(ExtensibilityGlobals) = postSolution
		SolutionGuid = {A7AAD788-32FF-4844-81AB-B77EBFE456A5}
	EndGlobalSection
EndGlobal
